
Microsoft Visual Studio Solution File, Format Version 12.00
# Visual Studio Version 16
VisualStudioVersion = 16.0.29215.179
MinimumVisualStudioVersion = 10.0.40219.1
Project("{FAE04EC0-301F-11D3-BF4B-00C04F79EFBC}") = "RandomSkillsSurvivor", "RandomSkillsSurvivor\RandomSkillsSurvivor.csproj", "{C6328269-18F3-4185-BA8B-D596597271EC}"
EndProject
Global
	GlobalSection(SolutionConfigurationPlatforms) = preSolution
		Debug|Any CPU = Debug|Any CPU
		Release|Any CPU = Release|Any CPU
	EndGlobalSection
	GlobalSection(ProjectConfigurationPlatforms) = postSolution
		{C6328269-18F3-4185-BA8B-D596597271EC}.Debug|Any CPU.ActiveCfg = Debug|Any CPU
		{C6328269-18F3-4185-BA8B-D596597271EC}.Debug|Any CPU.Build.0 = Debug|Any CPU
		{C6328269-18F3-4185-BA8B-D596597271EC}.Release|Any CPU.ActiveCfg = Release|Any CPU
		{C6328269-18F3-4185-BA8B-D596597271EC}.Release|Any CPU.Build.0 = Release|Any CPU
	EndGlobalSection
	GlobalSection(SolutionProperties) = preSolution
		HideSolutionNode = FALSE
	EndGlobalSection
	GlobalSection(ExtensibilityGlobals) = postSolution
		SolutionGuid = {D4E32A9A-77F3-44FB-B2A3-D120A20E805E}
	EndGlobalSection
EndGlobal
